// !$*UTF8*$!
{
	archiveVersion = 1;
	classes = {
	};
	objectVersion = 48;
	objects = {

/* Begin PBXBuildFile section */
		9668D73038A24541D64E2756 /* libPods-ELEC2660 Project.a in Frameworks */ = {isa = PBXBuildFile; fileRef = 5608C9EEB5356AF8D9FEBAD4 /* libPods-ELEC2660 Project.a */; };
		E82126A81FD95DDA006EEEE5 /* A#5:Bb5.wav in Resources */ = {isa = PBXBuildFile; fileRef = E82126951FD95DCA006EEEE5 /* A#5:Bb5.wav */; };
		E82126A91FD95DDA006EEEE5 /* A#6:Bb6.wav in Resources */ = {isa = PBXBuildFile; fileRef = E82126A41FD95DCC006EEEE5 /* A#6:Bb6.wav */; };
		E82126AA1FD95DDA006EEEE5 /* A5.wav in Resources */ = {isa = PBXBuildFile; fileRef = E821269E1FD95DCB006EEEE5 /* A5.wav */; };
		E82126AB1FD95DDA006EEEE5 /* A6.wav in Resources */ = {isa = PBXBuildFile; fileRef = E82126961FD95DCA006EEEE5 /* A6.wav */; };
		E82126AC1FD95DDA006EEEE5 /* B5.wav in Resources */ = {isa = PBXBuildFile; fileRef = E82126921FD95DC9006EEEE5 /* B5.wav */; };
		E82126AD1FD95DDA006EEEE5 /* B6.wav in Resources */ = {isa = PBXBuildFile; fileRef = E82126A61FD95DCC006EEEE5 /* B6.wav */; };
		E82126AE1FD95DDA006EEEE5 /* C#5:Db5.wav in Resources */ = {isa = PBXBuildFile; fileRef = E821269C1FD95DCB006EEEE5 /* C#5:Db5.wav */; };
		E82126AF1FD95DDA006EEEE5 /* C#6:Db6.wav in Resources */ = {isa = PBXBuildFile; fileRef = E82126A01FD95DCB006EEEE5 /* C#6:Db6.wav */; };
		E82126B01FD95DDA006EEEE5 /* C5.wav in Resources */ = {isa = PBXBuildFile; fileRef = E821269B1FD95DCB006EEEE5 /* C5.wav */; };
		E82126B11FD95DDA006EEEE5 /* C6.wav in Resources */ = {isa = PBXBuildFile; fileRef = E82126A11FD95DCB006EEEE5 /* C6.wav */; };
		E82126B21FD95DDA006EEEE5 /* D#5:Eb5.wav in Resources */ = {isa = PBXBuildFile; fileRef = E82126971FD95DCA006EEEE5 /* D#5:Eb5.wav */; };
		E82126B31FD95DDA006EEEE5 /* D#6:Eb6.wav in Resources */ = {isa = PBXBuildFile; fileRef = E82126A31FD95DCC006EEEE5 /* D#6:Eb6.wav */; };
		E82126B41FD95DDA006EEEE5 /* D5.wav in Resources */ = {isa = PBXBuildFile; fileRef = E82126981FD95DCA006EEEE5 /* D5.wav */; };
		E82126B51FD95DDA006EEEE5 /* D6.wav in Resources */ = {isa = PBXBuildFile; fileRef = E821269D1FD95DCB006EEEE5 /* D6.wav */; };
		E82126B61FD95DDA006EEEE5 /* E5.wav in Resources */ = {isa = PBXBuildFile; fileRef = E82126A51FD95DCC006EEEE5 /* E5.wav */; };
		E82126B71FD95DDA006EEEE5 /* E6.wav in Resources */ = {isa = PBXBuildFile; fileRef = E82126991FD95DCA006EEEE5 /* E6.wav */; };
		E82126B81FD95DDA006EEEE5 /* F#5:Gb5.wav in Resources */ = {isa = PBXBuildFile; fileRef = E82126931FD95DCA006EEEE5 /* F#5:Gb5.wav */; };
		E82126B91FD95DDA006EEEE5 /* F#6:Gb6.wav in Resources */ = {isa = PBXBuildFile; fileRef = E82126A71FD95DCC006EEEE5 /* F#6:Gb6.wav */; };
		E82126BA1FD95DDA006EEEE5 /* F5.wav in Resources */ = {isa = PBXBuildFile; fileRef = E821269F1FD95DCB006EEEE5 /* F5.wav */; };
		E82126BB1FD95DDA006EEEE5 /* F6.wav in Resources */ = {isa = PBXBuildFile; fileRef = E82126A21FD95DCC006EEEE5 /* F6.wav */; };
		E82126BC1FD95DDA006EEEE5 /* G#5:Ab5.wav in Resources */ = {isa = PBXBuildFile; fileRef = E82126941FD95DCA006EEEE5 /* G#5:Ab5.wav */; };
		E82126BD1FD95DDA006EEEE5 /* G#6:Ab6.wav in Resources */ = {isa = PBXBuildFile; fileRef = E82126901FD95DC9006EEEE5 /* G#6:Ab6.wav */; };
		E82126BE1FD95DDA006EEEE5 /* G5.wav in Resources */ = {isa = PBXBuildFile; fileRef = E821269A1FD95DCB006EEEE5 /* G5.wav */; };
		E82126BF1FD95DDA006EEEE5 /* G6.wav in Resources */ = {isa = PBXBuildFile; fileRef = E82126911FD95DC9006EEEE5 /* G6.wav */; };
		E839D6C91FCF3EA400C34C92 /* TunerGraphic.m in Sources */ = {isa = PBXBuildFile; fileRef = E839D6C81FCF3EA400C34C92 /* TunerGraphic.m */; };
		E8607AA51FC322A000DE831E /* AppDelegate.m in Sources */ = {isa = PBXBuildFile; fileRef = E8607AA41FC322A000DE831E /* AppDelegate.m */; };
		E8607AA81FC322A000DE831E /* MetronomeViewController.m in Sources */ = {isa = PBXBuildFile; fileRef = E8607AA71FC322A000DE831E /* MetronomeViewController.m */; };
		E8607AAB1FC322A000DE831E /* TunerViewController.m in Sources */ = {isa = PBXBuildFile; fileRef = E8607AAA1FC322A000DE831E /* TunerViewController.m */; };
		E8607AAE1FC322A000DE831E /* Main.storyboard in Resources */ = {isa = PBXBuildFile; fileRef = E8607AAC1FC322A000DE831E /* Main.storyboard */; };
		E8607AB01FC322A000DE831E /* Assets.xcassets in Resources */ = {isa = PBXBuildFile; fileRef = E8607AAF1FC322A000DE831E /* Assets.xcassets */; };
		E8607AB31FC322A000DE831E /* LaunchScreen.storyboard in Resources */ = {isa = PBXBuildFile; fileRef = E8607AB11FC322A000DE831E /* LaunchScreen.storyboard */; };
		E8607AB61FC322A000DE831E /* main.m in Sources */ = {isa = PBXBuildFile; fileRef = E8607AB51FC322A000DE831E /* main.m */; };
		E8607AC01FC322A000DE831E /* ELEC2660_ProjectTests.m in Sources */ = {isa = PBXBuildFile; fileRef = E8607ABF1FC322A000DE831E /* ELEC2660_ProjectTests.m */; };
		E8607ACB1FC322A000DE831E /* ELEC2660_ProjectUITests.m in Sources */ = {isa = PBXBuildFile; fileRef = E8607ACA1FC322A000DE831E /* ELEC2660_ProjectUITests.m */; };
		E8607ADA1FC34A6300DE831E /* MetronomeData.m in Sources */ = {isa = PBXBuildFile; fileRef = E8607AD91FC34A6300DE831E /* MetronomeData.m */; };
		E8607ADD1FC364A600DE831E /* TunerData.m in Sources */ = {isa = PBXBuildFile; fileRef = E8607ADC1FC364A600DE831E /* TunerData.m */; };
		E8607AE01FC7915900DE831E /* AVFoundation.framework in Frameworks */ = {isa = PBXBuildFile; fileRef = E8607ADF1FC7915800DE831E /* AVFoundation.framework */; };
		E8D4D1961FCF429A0057F5D3 /* DownClick.wav in Resources */ = {isa = PBXBuildFile; fileRef = E8D4D1861FCF42880057F5D3 /* DownClick.wav */; };
		E8D4D19D1FCF429A0057F5D3 /* UpClick.wav in Resources */ = {isa = PBXBuildFile; fileRef = E8D4D1871FCF42880057F5D3 /* UpClick.wav */; };
		E8D4D1A21FD071810057F5D3 /* QuartzCore.framework in Frameworks */ = {isa = PBXBuildFile; fileRef = E8D4D1A11FD071810057F5D3 /* QuartzCore.framework */; };
/* End PBXBuildFile section */

/* Begin PBXContainerItemProxy section */
		E8607ABC1FC322A000DE831E /* PBXContainerItemProxy */ = {
			isa = PBXContainerItemProxy;
			containerPortal = E8607A981FC3229F00DE831E /* Project object */;
			proxyType = 1;
			remoteGlobalIDString = E8607A9F1FC322A000DE831E;
			remoteInfo = "ELEC2660 Project";
		};
		E8607AC71FC322A000DE831E /* PBXContainerItemProxy */ = {
			isa = PBXContainerItemProxy;
			containerPortal = E8607A981FC3229F00DE831E /* Project object */;
			proxyType = 1;
			remoteGlobalIDString = E8607A9F1FC322A000DE831E;
			remoteInfo = "ELEC2660 Project";
		};
/* End PBXContainerItemProxy section */

/* Begin PBXFileReference section */
		1150377E778B392D05C8BE33 /* Pods-ELEC2660 Project.debug.xcconfig */ = {isa = PBXFileReference; includeInIndex = 1; lastKnownFileType = text.xcconfig; name = "Pods-ELEC2660 Project.debug.xcconfig"; path = "Pods/Target Support Files/Pods-ELEC2660 Project/Pods-ELEC2660 Project.debug.xcconfig"; sourceTree = "<group>"; };
		5608C9EEB5356AF8D9FEBAD4 /* libPods-ELEC2660 Project.a */ = {isa = PBXFileReference; explicitFileType = archive.ar; includeInIndex = 0; path = "libPods-ELEC2660 Project.a"; sourceTree = BUILT_PRODUCTS_DIR; };
		58C8A6913807CC7597828CA1 /* Pods-ELEC2660 Project.release.xcconfig */ = {isa = PBXFileReference; includeInIndex = 1; lastKnownFileType = text.xcconfig; name = "Pods-ELEC2660 Project.release.xcconfig"; path = "Pods/Target Support Files/Pods-ELEC2660 Project/Pods-ELEC2660 Project.release.xcconfig"; sourceTree = "<group>"; };
		E82126901FD95DC9006EEEE5 /* G#6:Ab6.wav */ = {isa = PBXFileReference; lastKnownFileType = audio.wav; path = "G#6:Ab6.wav"; sourceTree = "<group>"; };
		E82126911FD95DC9006EEEE5 /* G6.wav */ = {isa = PBXFileReference; lastKnownFileType = audio.wav; path = G6.wav; sourceTree = "<group>"; };
		E82126921FD95DC9006EEEE5 /* B5.wav */ = {isa = PBXFileReference; lastKnownFileType = audio.wav; path = B5.wav; sourceTree = "<group>"; };
		E82126931FD95DCA006EEEE5 /* F#5:Gb5.wav */ = {isa = PBXFileReference; lastKnownFileType = audio.wav; path = "F#5:Gb5.wav"; sourceTree = "<group>"; };
		E82126941FD95DCA006EEEE5 /* G#5:Ab5.wav */ = {isa = PBXFileReference; lastKnownFileType = audio.wav; path = "G#5:Ab5.wav"; sourceTree = "<group>"; };
		E82126951FD95DCA006EEEE5 /* A#5:Bb5.wav */ = {isa = PBXFileReference; lastKnownFileType = audio.wav; path = "A#5:Bb5.wav"; sourceTree = "<group>"; };
		E82126961FD95DCA006EEEE5 /* A6.wav */ = {isa = PBXFileReference; lastKnownFileType = audio.wav; path = A6.wav; sourceTree = "<group>"; };
		E82126971FD95DCA006EEEE5 /* D#5:Eb5.wav */ = {isa = PBXFileReference; lastKnownFileType = audio.wav; path = "D#5:Eb5.wav"; sourceTree = "<group>"; };
		E82126981FD95DCA006EEEE5 /* D5.wav */ = {isa = PBXFileReference; lastKnownFileType = audio.wav; path = D5.wav; sourceTree = "<group>"; };
		E82126991FD95DCA006EEEE5 /* E6.wav */ = {isa = PBXFileReference; lastKnownFileType = audio.wav; path = E6.wav; sourceTree = "<group>"; };
		E821269A1FD95DCB006EEEE5 /* G5.wav */ = {isa = PBXFileReference; lastKnownFileType = audio.wav; path = G5.wav; sourceTree = "<group>"; };
		E821269B1FD95DCB006EEEE5 /* C5.wav */ = {isa = PBXFileReference; lastKnownFileType = audio.wav; path = C5.wav; sourceTree = "<group>"; };
		E821269C1FD95DCB006EEEE5 /* C#5:Db5.wav */ = {isa = PBXFileReference; lastKnownFileType = audio.wav; path = "C#5:Db5.wav"; sourceTree = "<group>"; };
		E821269D1FD95DCB006EEEE5 /* D6.wav */ = {isa = PBXFileReference; lastKnownFileType = audio.wav; path = D6.wav; sourceTree = "<group>"; };
		E821269E1FD95DCB006EEEE5 /* A5.wav */ = {isa = PBXFileReference; lastKnownFileType = audio.wav; path = A5.wav; sourceTree = "<group>"; };
		E821269F1FD95DCB006EEEE5 /* F5.wav */ = {isa = PBXFileReference; lastKnownFileType = audio.wav; path = F5.wav; sourceTree = "<group>"; };
		E82126A01FD95DCB006EEEE5 /* C#6:Db6.wav */ = {isa = PBXFileReference; lastKnownFileType = audio.wav; path = "C#6:Db6.wav"; sourceTree = "<group>"; };
		E82126A11FD95DCB006EEEE5 /* C6.wav */ = {isa = PBXFileReference; lastKnownFileType = audio.wav; path = C6.wav; sourceTree = "<group>"; };
		E82126A21FD95DCC006EEEE5 /* F6.wav */ = {isa = PBXFileReference; lastKnownFileType = audio.wav; path = F6.wav; sourceTree = "<group>"; };
		E82126A31FD95DCC006EEEE5 /* D#6:Eb6.wav */ = {isa = PBXFileReference; lastKnownFileType = audio.wav; path = "D#6:Eb6.wav"; sourceTree = "<group>"; };
		E82126A41FD95DCC006EEEE5 /* A#6:Bb6.wav */ = {isa = PBXFileReference; lastKnownFileType = audio.wav; path = "A#6:Bb6.wav"; sourceTree = "<group>"; };
		E82126A51FD95DCC006EEEE5 /* E5.wav */ = {isa = PBXFileReference; lastKnownFileType = audio.wav; path = E5.wav; sourceTree = "<group>"; };
		E82126A61FD95DCC006EEEE5 /* B6.wav */ = {isa = PBXFileReference; lastKnownFileType = audio.wav; path = B6.wav; sourceTree = "<group>"; };
		E82126A71FD95DCC006EEEE5 /* F#6:Gb6.wav */ = {isa = PBXFileReference; lastKnownFileType = audio.wav; path = "F#6:Gb6.wav"; sourceTree = "<group>"; };
		E839D6C31FCF3C5200C34C92 /* MetronomeViewController.h */ = {isa = PBXFileReference; lastKnownFileType = sourcecode.c.h; path = MetronomeViewController.h; sourceTree = "<group>"; };
		E839D6C71FCF3EA400C34C92 /* TunerGraphic.h */ = {isa = PBXFileReference; lastKnownFileType = sourcecode.c.h; path = TunerGraphic.h; sourceTree = "<group>"; };
		E839D6C81FCF3EA400C34C92 /* TunerGraphic.m */ = {isa = PBXFileReference; lastKnownFileType = sourcecode.c.objc; path = TunerGraphic.m; sourceTree = "<group>"; };
		E8607AA01FC322A000DE831E /* ELEC2660 Project.app */ = {isa = PBXFileReference; explicitFileType = wrapper.application; includeInIndex = 0; path = "ELEC2660 Project.app"; sourceTree = BUILT_PRODUCTS_DIR; };
		E8607AA31FC322A000DE831E /* AppDelegate.h */ = {isa = PBXFileReference; lastKnownFileType = sourcecode.c.h; path = AppDelegate.h; sourceTree = "<group>"; };
		E8607AA41FC322A000DE831E /* AppDelegate.m */ = {isa = PBXFileReference; lastKnownFileType = sourcecode.c.objc; path = AppDelegate.m; sourceTree = "<group>"; };
		E8607AA71FC322A000DE831E /* MetronomeViewController.m */ = {isa = PBXFileReference; lastKnownFileType = sourcecode.c.objc; path = MetronomeViewController.m; sourceTree = "<group>"; };
		E8607AA91FC322A000DE831E /* TunerViewController.h */ = {isa = PBXFileReference; lastKnownFileType = sourcecode.c.h; path = TunerViewController.h; sourceTree = "<group>"; };
		E8607AAA1FC322A000DE831E /* TunerViewController.m */ = {isa = PBXFileReference; lastKnownFileType = sourcecode.c.objc; path = TunerViewController.m; sourceTree = "<group>"; };
		E8607AAD1FC322A000DE831E /* Base */ = {isa = PBXFileReference; lastKnownFileType = file.storyboard; name = Base; path = Base.lproj/Main.storyboard; sourceTree = "<group>"; };
		E8607AAF1FC322A000DE831E /* Assets.xcassets */ = {isa = PBXFileReference; lastKnownFileType = folder.assetcatalog; path = Assets.xcassets; sourceTree = "<group>"; };
		E8607AB21FC322A000DE831E /* Base */ = {isa = PBXFileReference; lastKnownFileType = file.storyboard; name = Base; path = Base.lproj/LaunchScreen.storyboard; sourceTree = "<group>"; };
		E8607AB41FC322A000DE831E /* Info.plist */ = {isa = PBXFileReference; lastKnownFileType = text.plist.xml; path = Info.plist; sourceTree = "<group>"; };
		E8607AB51FC322A000DE831E /* main.m */ = {isa = PBXFileReference; lastKnownFileType = sourcecode.c.objc; path = main.m; sourceTree = "<group>"; };
		E8607ABB1FC322A000DE831E /* ELEC2660 ProjectTests.xctest */ = {isa = PBXFileReference; explicitFileType = wrapper.cfbundle; includeInIndex = 0; path = "ELEC2660 ProjectTests.xctest"; sourceTree = BUILT_PRODUCTS_DIR; };
		E8607ABF1FC322A000DE831E /* ELEC2660_ProjectTests.m */ = {isa = PBXFileReference; lastKnownFileType = sourcecode.c.objc; path = ELEC2660_ProjectTests.m; sourceTree = "<group>"; };
		E8607AC11FC322A000DE831E /* Info.plist */ = {isa = PBXFileReference; lastKnownFileType = text.plist.xml; path = Info.plist; sourceTree = "<group>"; };
		E8607AC61FC322A000DE831E /* ELEC2660 ProjectUITests.xctest */ = {isa = PBXFileReference; explicitFileType = wrapper.cfbundle; includeInIndex = 0; path = "ELEC2660 ProjectUITests.xctest"; sourceTree = BUILT_PRODUCTS_DIR; };
		E8607ACA1FC322A000DE831E /* ELEC2660_ProjectUITests.m */ = {isa = PBXFileReference; lastKnownFileType = sourcecode.c.objc; path = ELEC2660_ProjectUITests.m; sourceTree = "<group>"; };
		E8607ACC1FC322A000DE831E /* Info.plist */ = {isa = PBXFileReference; lastKnownFileType = text.plist.xml; path = Info.plist; sourceTree = "<group>"; };
		E8607AD81FC34A6300DE831E /* MetronomeData.h */ = {isa = PBXFileReference; lastKnownFileType = sourcecode.c.h; path = MetronomeData.h; sourceTree = "<group>"; };
		E8607AD91FC34A6300DE831E /* MetronomeData.m */ = {isa = PBXFileReference; lastKnownFileType = sourcecode.c.objc; path = MetronomeData.m; sourceTree = "<group>"; };
		E8607ADB1FC364A600DE831E /* TunerData.h */ = {isa = PBXFileReference; lastKnownFileType = sourcecode.c.h; path = TunerData.h; sourceTree = "<group>"; };
		E8607ADC1FC364A600DE831E /* TunerData.m */ = {isa = PBXFileReference; lastKnownFileType = sourcecode.c.objc; path = TunerData.m; sourceTree = "<group>"; };
		E8607ADF1FC7915800DE831E /* AVFoundation.framework */ = {isa = PBXFileReference; lastKnownFileType = wrapper.framework; name = AVFoundation.framework; path = System/Library/Frameworks/AVFoundation.framework; sourceTree = SDKROOT; };
		E8D4D1861FCF42880057F5D3 /* DownClick.wav */ = {isa = PBXFileReference; lastKnownFileType = audio.wav; name = DownClick.wav; path = "../../../../../Desktop/Audio Samples/DownClick.wav"; sourceTree = "<group>"; };
		E8D4D1871FCF42880057F5D3 /* UpClick.wav */ = {isa = PBXFileReference; lastKnownFileType = audio.wav; name = UpClick.wav; path = "../../../../../Desktop/Audio Samples/UpClick.wav"; sourceTree = "<group>"; };
		E8D4D1A11FD071810057F5D3 /* QuartzCore.framework */ = {isa = PBXFileReference; lastKnownFileType = wrapper.framework; name = QuartzCore.framework; path = System/Library/Frameworks/QuartzCore.framework; sourceTree = SDKROOT; };
/* End PBXFileReference section */

/* Begin PBXFrameworksBuildPhase section */
		E8607A9D1FC322A000DE831E /* Frameworks */ = {
			isa = PBXFrameworksBuildPhase;
			buildActionMask = 2147483647;
			files = (
				E8D4D1A21FD071810057F5D3 /* QuartzCore.framework in Frameworks */,
				E8607AE01FC7915900DE831E /* AVFoundation.framework in Frameworks */,
				9668D73038A24541D64E2756 /* libPods-ELEC2660 Project.a in Frameworks */,
			);
			runOnlyForDeploymentPostprocessing = 0;
		};
		E8607AB81FC322A000DE831E /* Frameworks */ = {
			isa = PBXFrameworksBuildPhase;
			buildActionMask = 2147483647;
			files = (
			);
			runOnlyForDeploymentPostprocessing = 0;
		};
		E8607AC31FC322A000DE831E /* Frameworks */ = {
			isa = PBXFrameworksBuildPhase;
			buildActionMask = 2147483647;
			files = (
			);
			runOnlyForDeploymentPostprocessing = 0;
		};
/* End PBXFrameworksBuildPhase section */

/* Begin PBXGroup section */
		7DC970C1EB8B574A8B4492F1 /* Pods */ = {
			isa = PBXGroup;
			children = (
				1150377E778B392D05C8BE33 /* Pods-ELEC2660 Project.debug.xcconfig */,
				58C8A6913807CC7597828CA1 /* Pods-ELEC2660 Project.release.xcconfig */,
			);
			name = Pods;
			sourceTree = "<group>";
		};
		E8607A971FC3229F00DE831E = {
			isa = PBXGroup;
			children = (
				E8607AA21FC322A000DE831E /* ELEC2660 Project */,
				E8607ABE1FC322A000DE831E /* ELEC2660 ProjectTests */,
				E8607AA11FC322A000DE831E /* Products */,
				E8607ADE1FC7915800DE831E /* Frameworks */,
				E8607AC91FC322A000DE831E /* ELEC2660 ProjectUITests */,
				7DC970C1EB8B574A8B4492F1 /* Pods */,
			);
			sourceTree = "<group>";
		};
		E8607AA11FC322A000DE831E /* Products */ = {
			isa = PBXGroup;
			children = (
				E8607AA01FC322A000DE831E /* ELEC2660 Project.app */,
				E8607ABB1FC322A000DE831E /* ELEC2660 ProjectTests.xctest */,
				E8607AC61FC322A000DE831E /* ELEC2660 ProjectUITests.xctest */,
			);
			name = Products;
			sourceTree = "<group>";
		};
		E8607AA21FC322A000DE831E /* ELEC2660 Project */ = {
			isa = PBXGroup;
			children = (
				E8D4D1721FCF41C50057F5D3 /* Audio Samples */,
				E8607AA31FC322A000DE831E /* AppDelegate.h */,
				E8607AA41FC322A000DE831E /* AppDelegate.m */,
				E839D6C31FCF3C5200C34C92 /* MetronomeViewController.h */,
				E8607AA71FC322A000DE831E /* MetronomeViewController.m */,
				E8607AD81FC34A6300DE831E /* MetronomeData.h */,
				E8607AD91FC34A6300DE831E /* MetronomeData.m */,
				E8607AA91FC322A000DE831E /* TunerViewController.h */,
				E8607AAA1FC322A000DE831E /* TunerViewController.m */,
				E8607ADB1FC364A600DE831E /* TunerData.h */,
				E8607ADC1FC364A600DE831E /* TunerData.m */,
				E839D6C71FCF3EA400C34C92 /* TunerGraphic.h */,
				E839D6C81FCF3EA400C34C92 /* TunerGraphic.m */,
				E8607AAC1FC322A000DE831E /* Main.storyboard */,
				E8607AAF1FC322A000DE831E /* Assets.xcassets */,
				E8607AB11FC322A000DE831E /* LaunchScreen.storyboard */,
				E8607AB41FC322A000DE831E /* Info.plist */,
				E8607AB51FC322A000DE831E /* main.m */,
			);
			path = "ELEC2660 Project";
			sourceTree = "<group>";
		};
		E8607ABE1FC322A000DE831E /* ELEC2660 ProjectTests */ = {
			isa = PBXGroup;
			children = (
				E8607ABF1FC322A000DE831E /* ELEC2660_ProjectTests.m */,
				E8607AC11FC322A000DE831E /* Info.plist */,
			);
			path = "ELEC2660 ProjectTests";
			sourceTree = "<group>";
		};
		E8607AC91FC322A000DE831E /* ELEC2660 ProjectUITests */ = {
			isa = PBXGroup;
			children = (
				E8607ACA1FC322A000DE831E /* ELEC2660_ProjectUITests.m */,
				E8607ACC1FC322A000DE831E /* Info.plist */,
			);
			path = "ELEC2660 ProjectUITests";
			sourceTree = "<group>";
		};
		E8607ADE1FC7915800DE831E /* Frameworks */ = {
			isa = PBXGroup;
			children = (
				E8D4D1A11FD071810057F5D3 /* QuartzCore.framework */,
				E8607ADF1FC7915800DE831E /* AVFoundation.framework */,
				5608C9EEB5356AF8D9FEBAD4 /* libPods-ELEC2660 Project.a */,
			);
			name = Frameworks;
			sourceTree = "<group>";
		};
		E8D4D1721FCF41C50057F5D3 /* Audio Samples */ = {
			isa = PBXGroup;
			children = (
				E82126951FD95DCA006EEEE5 /* A#5:Bb5.wav */,
				E82126A41FD95DCC006EEEE5 /* A#6:Bb6.wav */,
				E821269E1FD95DCB006EEEE5 /* A5.wav */,
				E82126961FD95DCA006EEEE5 /* A6.wav */,
				E82126921FD95DC9006EEEE5 /* B5.wav */,
				E82126A61FD95DCC006EEEE5 /* B6.wav */,
				E821269C1FD95DCB006EEEE5 /* C#5:Db5.wav */,
				E82126A01FD95DCB006EEEE5 /* C#6:Db6.wav */,
				E821269B1FD95DCB006EEEE5 /* C5.wav */,
				E82126A11FD95DCB006EEEE5 /* C6.wav */,
				E82126971FD95DCA006EEEE5 /* D#5:Eb5.wav */,
				E82126A31FD95DCC006EEEE5 /* D#6:Eb6.wav */,
				E82126981FD95DCA006EEEE5 /* D5.wav */,
				E821269D1FD95DCB006EEEE5 /* D6.wav */,
				E82126A51FD95DCC006EEEE5 /* E5.wav */,
				E82126991FD95DCA006EEEE5 /* E6.wav */,
				E82126931FD95DCA006EEEE5 /* F#5:Gb5.wav */,
				E82126A71FD95DCC006EEEE5 /* F#6:Gb6.wav */,
				E821269F1FD95DCB006EEEE5 /* F5.wav */,
				E82126A21FD95DCC006EEEE5 /* F6.wav */,
				E82126941FD95DCA006EEEE5 /* G#5:Ab5.wav */,
				E82126901FD95DC9006EEEE5 /* G#6:Ab6.wav */,
				E821269A1FD95DCB006EEEE5 /* G5.wav */,
				E82126911FD95DC9006EEEE5 /* G6.wav */,
				E8D4D1861FCF42880057F5D3 /* DownClick.wav */,
				E8D4D1871FCF42880057F5D3 /* UpClick.wav */,
			);
			path = "Audio Samples";
			sourceTree = "<group>";
		};
/* End PBXGroup section */

/* Begin PBXNativeTarget section */
		E8607A9F1FC322A000DE831E /* ELEC2660 Project */ = {
			isa = PBXNativeTarget;
			buildConfigurationList = E8607ACF1FC322A000DE831E /* Build configuration list for PBXNativeTarget "ELEC2660 Project" */;
			buildPhases = (
				A6A2365476FBE9EEA4551EF5 /* [CP] Check Pods Manifest.lock */,
				E8607A9C1FC322A000DE831E /* Sources */,
				E8607A9D1FC322A000DE831E /* Frameworks */,
				E8607A9E1FC322A000DE831E /* Resources */,
				50DB35E81430BD25E87677CD /* [CP] Embed Pods Frameworks */,
				015A58D12675696BACB7BA21 /* [CP] Copy Pods Resources */,
			);
			buildRules = (
			);
			dependencies = (
			);
			name = "ELEC2660 Project";
			productName = "ELEC2660 Project";
			productReference = E8607AA01FC322A000DE831E /* ELEC2660 Project.app */;
			productType = "com.apple.product-type.application";
		};
		E8607ABA1FC322A000DE831E /* ELEC2660 ProjectTests */ = {
			isa = PBXNativeTarget;
			buildConfigurationList = E8607AD21FC322A000DE831E /* Build configuration list for PBXNativeTarget "ELEC2660 ProjectTests" */;
			buildPhases = (
				E8607AB71FC322A000DE831E /* Sources */,
				E8607AB81FC322A000DE831E /* Frameworks */,
				E8607AB91FC322A000DE831E /* Resources */,
			);
			buildRules = (
			);
			dependencies = (
				E8607ABD1FC322A000DE831E /* PBXTargetDependency */,
			);
			name = "ELEC2660 ProjectTests";
			productName = "ELEC2660 ProjectTests";
			productReference = E8607ABB1FC322A000DE831E /* ELEC2660 ProjectTests.xctest */;
			productType = "com.apple.product-type.bundle.unit-test";
		};
		E8607AC51FC322A000DE831E /* ELEC2660 ProjectUITests */ = {
			isa = PBXNativeTarget;
			buildConfigurationList = E8607AD51FC322A000DE831E /* Build configuration list for PBXNativeTarget "ELEC2660 ProjectUITests" */;
			buildPhases = (
				E8607AC21FC322A000DE831E /* Sources */,
				E8607AC31FC322A000DE831E /* Frameworks */,
				E8607AC41FC322A000DE831E /* Resources */,
			);
			buildRules = (
			);
			dependencies = (
				E8607AC81FC322A000DE831E /* PBXTargetDependency */,
			);
			name = "ELEC2660 ProjectUITests";
			productName = "ELEC2660 ProjectUITests";
			productReference = E8607AC61FC322A000DE831E /* ELEC2660 ProjectUITests.xctest */;
			productType = "com.apple.product-type.bundle.ui-testing";
		};
/* End PBXNativeTarget section */

/* Begin PBXProject section */
		E8607A981FC3229F00DE831E /* Project object */ = {
			isa = PBXProject;
			attributes = {
				LastUpgradeCheck = 0900;
				ORGANIZATIONNAME = Leeds.ac.uk;
				TargetAttributes = {
					E8607A9F1FC322A000DE831E = {
						CreatedOnToolsVersion = 9.0;
						LastSwiftMigration = 0900;
						ProvisioningStyle = Automatic;
					};
					E8607ABA1FC322A000DE831E = {
						CreatedOnToolsVersion = 9.0;
						ProvisioningStyle = Automatic;
						TestTargetID = E8607A9F1FC322A000DE831E;
					};
					E8607AC51FC322A000DE831E = {
						CreatedOnToolsVersion = 9.0;
						ProvisioningStyle = Automatic;
						TestTargetID = E8607A9F1FC322A000DE831E;
					};
				};
			};
			buildConfigurationList = E8607A9B1FC3229F00DE831E /* Build configuration list for PBXProject "ELEC2660 Project" */;
			compatibilityVersion = "Xcode 8.0";
			developmentRegion = en;
			hasScannedForEncodings = 0;
			knownRegions = (
				en,
				Base,
			);
			mainGroup = E8607A971FC3229F00DE831E;
			productRefGroup = E8607AA11FC322A000DE831E /* Products */;
			projectDirPath = "";
			projectRoot = "";
			targets = (
				E8607A9F1FC322A000DE831E /* ELEC2660 Project */,
				E8607ABA1FC322A000DE831E /* ELEC2660 ProjectTests */,
				E8607AC51FC322A000DE831E /* ELEC2660 ProjectUITests */,
			);
		};
/* End PBXProject section */

/* Begin PBXResourcesBuildPhase section */
		E8607A9E1FC322A000DE831E /* Resources */ = {
			isa = PBXResourcesBuildPhase;
			buildActionMask = 2147483647;
			files = (
				E82126A81FD95DDA006EEEE5 /* A#5:Bb5.wav in Resources */,
				E82126A91FD95DDA006EEEE5 /* A#6:Bb6.wav in Resources */,
				E82126AA1FD95DDA006EEEE5 /* A5.wav in Resources */,
				E82126AB1FD95DDA006EEEE5 /* A6.wav in Resources */,
				E82126AC1FD95DDA006EEEE5 /* B5.wav in Resources */,
				E82126AD1FD95DDA006EEEE5 /* B6.wav in Resources */,
				E82126AE1FD95DDA006EEEE5 /* C#5:Db5.wav in Resources */,
				E82126AF1FD95DDA006EEEE5 /* C#6:Db6.wav in Resources */,
				E82126B01FD95DDA006EEEE5 /* C5.wav in Resources */,
				E82126B11FD95DDA006EEEE5 /* C6.wav in Resources */,
				E82126B21FD95DDA006EEEE5 /* D#5:Eb5.wav in Resources */,
				E82126B31FD95DDA006EEEE5 /* D#6:Eb6.wav in Resources */,
				E82126B41FD95DDA006EEEE5 /* D5.wav in Resources */,
				E82126B51FD95DDA006EEEE5 /* D6.wav in Resources */,
				E82126B61FD95DDA006EEEE5 /* E5.wav in Resources */,
				E82126B71FD95DDA006EEEE5 /* E6.wav in Resources */,
				E82126B81FD95DDA006EEEE5 /* F#5:Gb5.wav in Resources */,
				E82126B91FD95DDA006EEEE5 /* F#6:Gb6.wav in Resources */,
				E82126BA1FD95DDA006EEEE5 /* F5.wav in Resources */,
				E82126BB1FD95DDA006EEEE5 /* F6.wav in Resources */,
				E82126BC1FD95DDA006EEEE5 /* G#5:Ab5.wav in Resources */,
				E82126BD1FD95DDA006EEEE5 /* G#6:Ab6.wav in Resources */,
				E82126BE1FD95DDA006EEEE5 /* G5.wav in Resources */,
				E82126BF1FD95DDA006EEEE5 /* G6.wav in Resources */,
				E8D4D1961FCF429A0057F5D3 /* DownClick.wav in Resources */,
				E8D4D19D1FCF429A0057F5D3 /* UpClick.wav in Resources */,
				E8607AB31FC322A000DE831E /* LaunchScreen.storyboard in Resources */,
				E8607AB01FC322A000DE831E /* Assets.xcassets in Resources */,
				E8607AAE1FC322A000DE831E /* Main.storyboard in Resources */,
			);
			runOnlyForDeploymentPostprocessing = 0;
		};
		E8607AB91FC322A000DE831E /* Resources */ = {
			isa = PBXResourcesBuildPhase;
			buildActionMask = 2147483647;
			files = (
			);
			runOnlyForDeploymentPostprocessing = 0;
		};
		E8607AC41FC322A000DE831E /* Resources */ = {
			isa = PBXResourcesBuildPhase;
			buildActionMask = 2147483647;
			files = (
			);
			runOnlyForDeploymentPostprocessing = 0;
		};
/* End PBXResourcesBuildPhase section */

/* Begin PBXShellScriptBuildPhase section */
		015A58D12675696BACB7BA21 /* [CP] Copy Pods Resources */ = {
			isa = PBXShellScriptBuildPhase;
			buildActionMask = 2147483647;
			files = (
			);
			inputPaths = (
			);
			name = "[CP] Copy Pods Resources";
			outputPaths = (
			);
			runOnlyForDeploymentPostprocessing = 0;
			shellPath = /bin/sh;
			shellScript = "\"${SRCROOT}/Pods/Target Support Files/Pods-ELEC2660 Project/Pods-ELEC2660 Project-resources.sh\"\n";
			showEnvVarsInLog = 0;
		};
		50DB35E81430BD25E87677CD /* [CP] Embed Pods Frameworks */ = {
			isa = PBXShellScriptBuildPhase;
			buildActionMask = 2147483647;
			files = (
			);
			inputPaths = (
			);
			name = "[CP] Embed Pods Frameworks";
			outputPaths = (
			);
			runOnlyForDeploymentPostprocessing = 0;
			shellPath = /bin/sh;
			shellScript = "\"${SRCROOT}/Pods/Target Support Files/Pods-ELEC2660 Project/Pods-ELEC2660 Project-frameworks.sh\"\n";
			showEnvVarsInLog = 0;
		};
		A6A2365476FBE9EEA4551EF5 /* [CP] Check Pods Manifest.lock */ = {
			isa = PBXShellScriptBuildPhase;
			buildActionMask = 2147483647;
			files = (
			);
			inputPaths = (
				"${PODS_PODFILE_DIR_PATH}/Podfile.lock",
				"${PODS_ROOT}/Manifest.lock",
			);
			name = "[CP] Check Pods Manifest.lock";
			outputPaths = (
				"$(DERIVED_FILE_DIR)/Pods-ELEC2660 Project-checkManifestLockResult.txt",
			);
			runOnlyForDeploymentPostprocessing = 0;
			shellPath = /bin/sh;
			shellScript = "diff \"${PODS_PODFILE_DIR_PATH}/Podfile.lock\" \"${PODS_ROOT}/Manifest.lock\" > /dev/null\nif [ $? != 0 ] ; then\n    # print error to STDERR\n    echo \"error: The sandbox is not in sync with the Podfile.lock. Run 'pod install' or update your CocoaPods installation.\" >&2\n    exit 1\nfi\n# This output is used by Xcode 'outputs' to avoid re-running this script phase.\necho \"SUCCESS\" > \"${SCRIPT_OUTPUT_FILE_0}\"\n";
			showEnvVarsInLog = 0;
		};
/* End PBXShellScriptBuildPhase section */

/* Begin PBXSourcesBuildPhase section */
		E8607A9C1FC322A000DE831E /* Sources */ = {
			isa = PBXSourcesBuildPhase;
			buildActionMask = 2147483647;
			files = (
				E8607AAB1FC322A000DE831E /* TunerViewController.m in Sources */,
				E8607AA51FC322A000DE831E /* AppDelegate.m in Sources */,
				E8607AB61FC322A000DE831E /* main.m in Sources */,
				E8607AA81FC322A000DE831E /* MetronomeViewController.m in Sources */,
				E839D6C91FCF3EA400C34C92 /* TunerGraphic.m in Sources */,
				E8607ADD1FC364A600DE831E /* TunerData.m in Sources */,
				E8607ADA1FC34A6300DE831E /* MetronomeData.m in Sources */,
			);
			runOnlyForDeploymentPostprocessing = 0;
		};
		E8607AB71FC322A000DE831E /* Sources */ = {
			isa = PBXSourcesBuildPhase;
			buildActionMask = 2147483647;
			files = (
				E8607AC01FC322A000DE831E /* ELEC2660_ProjectTests.m in Sources */,
			);
			runOnlyForDeploymentPostprocessing = 0;
		};
		E8607AC21FC322A000DE831E /* Sources */ = {
			isa = PBXSourcesBuildPhase;
			buildActionMask = 2147483647;
			files = (
				E8607ACB1FC322A000DE831E /* ELEC2660_ProjectUITests.m in Sources */,
			);
			runOnlyForDeploymentPostprocessing = 0;
		};
/* End PBXSourcesBuildPhase section */

/* Begin PBXTargetDependency section */
		E8607ABD1FC322A000DE831E /* PBXTargetDependency */ = {
			isa = PBXTargetDependency;
			target = E8607A9F1FC322A000DE831E /* ELEC2660 Project */;
			targetProxy = E8607ABC1FC322A000DE831E /* PBXContainerItemProxy */;
		};
		E8607AC81FC322A000DE831E /* PBXTargetDependency */ = {
			isa = PBXTargetDependency;
			target = E8607A9F1FC322A000DE831E /* ELEC2660 Project */;
			targetProxy = E8607AC71FC322A000DE831E /* PBXContainerItemProxy */;
		};
/* End PBXTargetDependency section */

/* Begin PBXVariantGroup section */
		E8607AAC1FC322A000DE831E /* Main.storyboard */ = {
			isa = PBXVariantGroup;
			children = (
				E8607AAD1FC322A000DE831E /* Base */,
			);
			name = Main.storyboard;
			sourceTree = "<group>";
		};
		E8607AB11FC322A000DE831E /* LaunchScreen.storyboard */ = {
			isa = PBXVariantGroup;
			children = (
				E8607AB21FC322A000DE831E /* Base */,
			);
			name = LaunchScreen.storyboard;
			sourceTree = "<group>";
		};
/* End PBXVariantGroup section */

/* Begin XCBuildConfiguration section */
		E8607ACD1FC322A000DE831E /* Debug */ = {
			isa = XCBuildConfiguration;
			buildSettings = {
				ALWAYS_SEARCH_USER_PATHS = NO;
				CLANG_ANALYZER_NONNULL = YES;
				CLANG_ANALYZER_NUMBER_OBJECT_CONVERSION = YES_AGGRESSIVE;
				CLANG_CXX_LANGUAGE_STANDARD = "gnu++14";
				CLANG_CXX_LIBRARY = "libc++";
				CLANG_ENABLE_MODULES = YES;
				CLANG_ENABLE_OBJC_ARC = YES;
				CLANG_WARN_BLOCK_CAPTURE_AUTORELEASING = YES;
				CLANG_WARN_BOOL_CONVERSION = YES;
				CLANG_WARN_COMMA = YES;
				CLANG_WARN_CONSTANT_CONVERSION = YES;
				CLANG_WARN_DIRECT_OBJC_ISA_USAGE = YES_ERROR;
				CLANG_WARN_DOCUMENTATION_COMMENTS = YES;
				CLANG_WARN_EMPTY_BODY = YES;
				CLANG_WARN_ENUM_CONVERSION = YES;
				CLANG_WARN_INFINITE_RECURSION = YES;
				CLANG_WARN_INT_CONVERSION = YES;
				CLANG_WARN_NON_LITERAL_NULL_CONVERSION = YES;
				CLANG_WARN_OBJC_LITERAL_CONVERSION = YES;
				CLANG_WARN_OBJC_ROOT_CLASS = YES_ERROR;
				CLANG_WARN_RANGE_LOOP_ANALYSIS = YES;
				CLANG_WARN_STRICT_PROTOTYPES = YES;
				CLANG_WARN_SUSPICIOUS_MOVE = YES;
				CLANG_WARN_UNGUARDED_AVAILABILITY = YES_AGGRESSIVE;
				CLANG_WARN_UNREACHABLE_CODE = YES;
				CLANG_WARN__DUPLICATE_METHOD_MATCH = YES;
				CODE_SIGN_IDENTITY = "iPhone Developer";
				COPY_PHASE_STRIP = NO;
				DEBUG_INFORMATION_FORMAT = dwarf;
				ENABLE_STRICT_OBJC_MSGSEND = YES;
				ENABLE_TESTABILITY = YES;
				GCC_C_LANGUAGE_STANDARD = gnu11;
				GCC_DYNAMIC_NO_PIC = NO;
				GCC_NO_COMMON_BLOCKS = YES;
				GCC_OPTIMIZATION_LEVEL = 0;
				GCC_PREPROCESSOR_DEFINITIONS = (
					"DEBUG=1",
					"$(inherited)",
				);
				GCC_WARN_64_TO_32_BIT_CONVERSION = YES;
				GCC_WARN_ABOUT_RETURN_TYPE = YES_ERROR;
				GCC_WARN_UNDECLARED_SELECTOR = YES;
				GCC_WARN_UNINITIALIZED_AUTOS = YES_AGGRESSIVE;
				GCC_WARN_UNUSED_FUNCTION = YES;
				GCC_WARN_UNUSED_VARIABLE = YES;
				IPHONEOS_DEPLOYMENT_TARGET = 11.0;
				MTL_ENABLE_DEBUG_INFO = YES;
				ONLY_ACTIVE_ARCH = YES;
				SDKROOT = iphoneos;
			};
			name = Debug;
		};
		E8607ACE1FC322A000DE831E /* Release */ = {
			isa = XCBuildConfiguration;
			buildSettings = {
				ALWAYS_SEARCH_USER_PATHS = NO;
				CLANG_ANALYZER_NONNULL = YES;
				CLANG_ANALYZER_NUMBER_OBJECT_CONVERSION = YES_AGGRESSIVE;
				CLANG_CXX_LANGUAGE_STANDARD = "gnu++14";
				CLANG_CXX_LIBRARY = "libc++";
				CLANG_ENABLE_MODULES = YES;
				CLANG_ENABLE_OBJC_ARC = YES;
				CLANG_WARN_BLOCK_CAPTURE_AUTORELEASING = YES;
				CLANG_WARN_BOOL_CONVERSION = YES;
				CLANG_WARN_COMMA = YES;
				CLANG_WARN_CONSTANT_CONVERSION = YES;
				CLANG_WARN_DIRECT_OBJC_ISA_USAGE = YES_ERROR;
				CLANG_WARN_DOCUMENTATION_COMMENTS = YES;
				CLANG_WARN_EMPTY_BODY = YES;
				CLANG_WARN_ENUM_CONVERSION = YES;
				CLANG_WARN_INFINITE_RECURSION = YES;
				CLANG_WARN_INT_CONVERSION = YES;
				CLANG_WARN_NON_LITERAL_NULL_CONVERSION = YES;
				CLANG_WARN_OBJC_LITERAL_CONVERSION = YES;
				CLANG_WARN_OBJC_ROOT_CLASS = YES_ERROR;
				CLANG_WARN_RANGE_LOOP_ANALYSIS = YES;
				CLANG_WARN_STRICT_PROTOTYPES = YES;
				CLANG_WARN_SUSPICIOUS_MOVE = YES;
				CLANG_WARN_UNGUARDED_AVAILABILITY = YES_AGGRESSIVE;
				CLANG_WARN_UNREACHABLE_CODE = YES;
				CLANG_WARN__DUPLICATE_METHOD_MATCH = YES;
				CODE_SIGN_IDENTITY = "iPhone Developer";
				COPY_PHASE_STRIP = NO;
				DEBUG_INFORMATION_FORMAT = "dwarf-with-dsym";
				ENABLE_NS_ASSERTIONS = NO;
				ENABLE_STRICT_OBJC_MSGSEND = YES;
				GCC_C_LANGUAGE_STANDARD = gnu11;
				GCC_NO_COMMON_BLOCKS = YES;
				GCC_WARN_64_TO_32_BIT_CONVERSION = YES;
				GCC_WARN_ABOUT_RETURN_TYPE = YES_ERROR;
				GCC_WARN_UNDECLARED_SELECTOR = YES;
				GCC_WARN_UNINITIALIZED_AUTOS = YES_AGGRESSIVE;
				GCC_WARN_UNUSED_FUNCTION = YES;
				GCC_WARN_UNUSED_VARIABLE = YES;
				IPHONEOS_DEPLOYMENT_TARGET = 11.0;
				MTL_ENABLE_DEBUG_INFO = NO;
				SDKROOT = iphoneos;
				VALIDATE_PRODUCT = YES;
			};
			name = Release;
		};
		E8607AD01FC322A000DE831E /* Debug */ = {
			isa = XCBuildConfiguration;
			baseConfigurationReference = 1150377E778B392D05C8BE33 /* Pods-ELEC2660 Project.debug.xcconfig */;
			buildSettings = {
				ASSETCATALOG_COMPILER_APPICON_NAME = AppIcon;
				CLANG_ENABLE_MODULES = YES;
				CODE_SIGN_STYLE = Automatic;
				INFOPLIST_FILE = "ELEC2660 Project/Info.plist";
				LD_RUNPATH_SEARCH_PATHS = "$(inherited) @executable_path/Frameworks";
				PRODUCT_BUNDLE_IDENTIFIER = "Angus-Moore.ELEC2660-Project";
				PRODUCT_NAME = "$(TARGET_NAME)";
				SWIFT_OBJC_BRIDGING_HEADER = "ELEC2660 Project/ELEC2660 Project-Bridging-Header.h";
				SWIFT_OPTIMIZATION_LEVEL = "-Onone";
				SWIFT_VERSION = 3.0;
				TARGETED_DEVICE_FAMILY = "1,2";
			};
			name = Debug;
		};
		E8607AD11FC322A000DE831E /* Release */ = {
			isa = XCBuildConfiguration;
			baseConfigurationReference = 58C8A6913807CC7597828CA1 /* Pods-ELEC2660 Project.release.xcconfig */;
			buildSettings = {
				ASSETCATALOG_COMPILER_APPICON_NAME = AppIcon;
				CLANG_ENABLE_MODULES = YES;
				CODE_SIGN_STYLE = Automatic;
				INFOPLIST_FILE = "ELEC2660 Project/Info.plist";
				LD_RUNPATH_SEARCH_PATHS = "$(inherited) @executable_path/Frameworks";
				PRODUCT_BUNDLE_IDENTIFIER = "Angus-Moore.ELEC2660-Project";
				PRODUCT_NAME = "$(TARGET_NAME)";
				SWIFT_OBJC_BRIDGING_HEADER = "ELEC2660 Project/ELEC2660 Project-Bridging-Header.h";
				SWIFT_VERSION = 3.0;
				TARGETED_DEVICE_FAMILY = "1,2";
			};
			name = Release;
		};
		E8607AD31FC322A000DE831E /* Debug */ = {
			isa = XCBuildConfiguration;
			buildSettings = {
				BUNDLE_LOADER = "$(TEST_HOST)";
				CODE_SIGN_STYLE = Automatic;
				INFOPLIST_FILE = "ELEC2660 ProjectTests/Info.plist";
				LD_RUNPATH_SEARCH_PATHS = "$(inherited) @executable_path/Frameworks @loader_path/Frameworks";
				PRODUCT_BUNDLE_IDENTIFIER = "Angus-Moore.ELEC2660-ProjectTests";
				PRODUCT_NAME = "$(TARGET_NAME)";
				TARGETED_DEVICE_FAMILY = "1,2";
				TEST_HOST = "$(BUILT_PRODUCTS_DIR)/ELEC2660 Project.app/ELEC2660 Project";
			};
			name = Debug;
		};
		E8607AD41FC322A000DE831E /* Release */ = {
			isa = XCBuildConfiguration;
			buildSettings = {
				BUNDLE_LOADER = "$(TEST_HOST)";
				CODE_SIGN_STYLE = Automatic;
				INFOPLIST_FILE = "ELEC2660 ProjectTests/Info.plist";
				LD_RUNPATH_SEARCH_PATHS = "$(inherited) @executable_path/Frameworks @loader_path/Frameworks";
				PRODUCT_BUNDLE_IDENTIFIER = "Angus-Moore.ELEC2660-ProjectTests";
				PRODUCT_NAME = "$(TARGET_NAME)";
				TARGETED_DEVICE_FAMILY = "1,2";
				TEST_HOST = "$(BUILT_PRODUCTS_DIR)/ELEC2660 Project.app/ELEC2660 Project";
			};
			name = Release;
		};
		E8607AD61FC322A000DE831E /* Debug */ = {
			isa = XCBuildConfiguration;
			buildSettings = {
				CODE_SIGN_STYLE = Automatic;
				INFOPLIST_FILE = "ELEC2660 ProjectUITests/Info.plist";
				LD_RUNPATH_SEARCH_PATHS = "$(inherited) @executable_path/Frameworks @loader_path/Frameworks";
				PRODUCT_BUNDLE_IDENTIFIER = "Angus-Moore.ELEC2660-ProjectUITests";
				PRODUCT_NAME = "$(TARGET_NAME)";
				TARGETED_DEVICE_FAMILY = "1,2";
				TEST_TARGET_NAME = "ELEC2660 Project";
			};
			name = Debug;
		};
		E8607AD71FC322A000DE831E /* Release */ = {
			isa = XCBuildConfiguration;
			buildSettings = {
				CODE_SIGN_STYLE = Automatic;
				INFOPLIST_FILE = "ELEC2660 ProjectUITests/Info.plist";
				LD_RUNPATH_SEARCH_PATHS = "$(inherited) @executable_path/Frameworks @loader_path/Frameworks";
				PRODUCT_BUNDLE_IDENTIFIER = "Angus-Moore.ELEC2660-ProjectUITests";
				PRODUCT_NAME = "$(TARGET_NAME)";
				TARGETED_DEVICE_FAMILY = "1,2";
				TEST_TARGET_NAME = "ELEC2660 Project";
			};
			name = Release;
		};
/* End XCBuildConfiguration section */

/* Begin XCConfigurationList section */
		E8607A9B1FC3229F00DE831E /* Build configuration list for PBXProject "ELEC2660 Project" */ = {
			isa = XCConfigurationList;
			buildConfigurations = (
				E8607ACD1FC322A000DE831E /* Debug */,
				E8607ACE1FC322A000DE831E /* Release */,
			);
			defaultConfigurationIsVisible = 0;
			defaultConfigurationName = Release;
		};
		E8607ACF1FC322A000DE831E /* Build configuration list for PBXNativeTarget "ELEC2660 Project" */ = {
			isa = XCConfigurationList;
			buildConfigurations = (
				E8607AD01FC322A000DE831E /* Debug */,
				E8607AD11FC322A000DE831E /* Release */,
			);
			defaultConfigurationIsVisible = 0;
			defaultConfigurationName = Release;
		};
		E8607AD21FC322A000DE831E /* Build configuration list for PBXNativeTarget "ELEC2660 ProjectTests" */ = {
			isa = XCConfigurationList;
			buildConfigurations = (
				E8607AD31FC322A000DE831E /* Debug */,
				E8607AD41FC322A000DE831E /* Release */,
			);
			defaultConfigurationIsVisible = 0;
			defaultConfigurationName = Release;
		};
		E8607AD51FC322A000DE831E /* Build configuration list for PBXNativeTarget "ELEC2660 ProjectUITests" */ = {
			isa = XCConfigurationList;
			buildConfigurations = (
				E8607AD61FC322A000DE831E /* Debug */,
				E8607AD71FC322A000DE831E /* Release */,
			);
			defaultConfigurationIsVisible = 0;
			defaultConfigurationName = Release;
		};
/* End XCConfigurationList section */
	};
	rootObject = E8607A981FC3229F00DE831E /* Project object */;
}
